
Microsoft Visual Studio Solution File, Format Version 12.00
# Visual Studio Version 17
VisualStudioVersion = 17.9.34728.123
MinimumVisualStudioVersion = 10.0.40219.1
Project("{FAE04EC0-301F-11D3-BF4B-00C04F79EFBC}") = "Matching_Game", "Matching_Game.csproj", "{9F77981D-A6EF-4D40-8745-97F89A480C11}"
EndProject
Global
	GlobalSection(SolutionConfigurationPlatforms) = preSolution
		Debug|Any CPU = Debug|Any CPU
		Release|Any CPU = Release|Any CPU
	EndGlobalSection
	GlobalSection(ProjectConfigurationPlatforms) = postSolution
		{9F77981D-A6EF-4D40-8745-97F89A480C11}.Debug|Any CPU.ActiveCfg = Debug|Any CPU
		{9F77981D-A6EF-4D40-8745-97F89A480C11}.Debug|Any CPU.Build.0 = Debug|Any CPU
		{9F77981D-A6EF-4D40-8745-97F89A480C11}.Release|Any CPU.ActiveCfg = Release|Any CPU
		{9F77981D-A6EF-4D40-8745-97F89A480C11}.Release|Any CPU.Build.0 = Release|Any CPU
	EndGlobalSection
	GlobalSection(SolutionProperties) = preSolution
		HideSolutionNode = FALSE
	EndGlobalSection
	GlobalSection(ExtensibilityGlobals) = postSolution
		SolutionGuid = {263F2CC8-A2E9-43AC-9B7D-04127025FE73}
	EndGlobalSection
EndGlobal
